
Microsoft Visual Studio Solution File, Format Version 10.00
# Visual Studio 2008
Project("{8BC9CEB8-8B4A-11D0-8D11-00A0C91BC942}") = "WadGen", "..\msvc2008\WadGen.vcproj", "{85916D29-DDD4-485D-B58A-3328899B1DF3}"
EndProject
Global
	GlobalSection(SolutionConfigurationPlatforms) = preSolution
		Debug|Win32 = Debug|Win32
		Release|Win32 = Release|Win32
	EndGlobalSection
	GlobalSection(ProjectConfigurationPlatforms) = postSolution
		{85916D29-DDD4-485D-B58A-3328899B1DF3}.Debug|Win32.ActiveCfg = Debug|Win32
		{85916D29-DDD4-485D-B58A-3328899B1DF3}.Debug|Win32.Build.0 = Debug|Win32
		{85916D29-DDD4-485D-B58A-3328899B1DF3}.Release|Win32.ActiveCfg = Release|Win32
		{85916D29-DDD4-485D-B58A-3328899B1DF3}.Release|Win32.Build.0 = Release|Win32
	EndGlobalSection
	GlobalSection(SolutionProperties) = preSolution
		HideSolutionNode = FALSE
	EndGlobalSection
EndGlobal
